
Microsoft Visual Studio Solution File, Format Version 11.00
# Visual Studio 2010
Project("{FAE04EC0-301F-11D3-BF4B-00C04F79EFBC}") = "WorldServer", "WorldServer\WorldServer.csproj", "{D720E6D4-37F5-4AA8-9889-5F7DCD44D381}"
EndProject
Project("{FAE04EC0-301F-11D3-BF4B-00C04F79EFBC}") = "SharedCode", "SharedCode\SharedCode.csproj", "{E65F1EF7-EF28-4762-8685-1E327DC38B8E}"
EndProject
Project("{FAE04EC0-301F-11D3-BF4B-00C04F79EFBC}") = "Lidgren.Network", "Lidgren.Network\Lidgren.Network.csproj", "{AE483C29-042E-4226-BA52-D247CE7676DA}"
EndProject
Project("{FAE04EC0-301F-11D3-BF4B-00C04F79EFBC}") = "Lidgren XNA Extensions", "Lidgren XNA Extensions\Lidgren XNA Extensions\Lidgren XNA Extensions.csproj", "{2B661ABD-63A8-4916-A94B-034729231271}"
EndProject
Project("{FAE04EC0-301F-11D3-BF4B-00C04F79EFBC}") = "Client", "Client\Client\Client.csproj", "{44FF09BA-BAA0-4A53-A207-2D3D5317C450}"
EndProject
Project("{FAE04EC0-301F-11D3-BF4B-00C04F79EFBC}") = "ClientContent", "Client\ClientContent\ClientContent.contentproj", "{96267419-4EDA-4AC4-B76C-96EAAC4A0D84}"
EndProject
Project("{FAE04EC0-301F-11D3-BF4B-00C04F79EFBC}") = "AwesomiumSharp", "..\..\..\..\Desktop\awesomium_v1.6.2_sdk_win\wrappers\AwesomiumSharp\AwesomiumSharp\AwesomiumSharp.csproj", "{1614289C-5F21-4934-9143-A47755D7C0A6}"
EndProject
Project("{FAE04EC0-301F-11D3-BF4B-00C04F79EFBC}") = "AwesomiumSharpXna", "E:\AwesomiumSharpXna\AwesomiumSharpXna\AwesomiumSharpXna.csproj", "{321A57BE-BAA7-46B6-A40D-7DDD83AD638F}"
EndProject
Project("{FAE04EC0-301F-11D3-BF4B-00C04F79EFBC}") = "LoveSeat", "LoveSeat\LoveSeat\LoveSeat.csproj", "{AF987164-0100-4A90-A767-D473F882EA8B}"
EndProject
Project("{FAE04EC0-301F-11D3-BF4B-00C04F79EFBC}") = "LoveSeat.Interfaces", "LoveSeat\LoveSeat.Interfaces\LoveSeat.Interfaces.csproj", "{18833FC5-9145-451D-82D4-41A1886B0BE7}"
EndProject
Global
	GlobalSection(SolutionConfigurationPlatforms) = preSolution
		Debug|Any CPU = Debug|Any CPU
		Debug|Mixed Platforms = Debug|Mixed Platforms
		Debug|x86 = Debug|x86
		Release|Any CPU = Release|Any CPU
		Release|Mixed Platforms = Release|Mixed Platforms
		Release|x86 = Release|x86
	EndGlobalSection
	GlobalSection(ProjectConfigurationPlatforms) = postSolution
		{D720E6D4-37F5-4AA8-9889-5F7DCD44D381}.Debug|Any CPU.ActiveCfg = Debug|x86
		{D720E6D4-37F5-4AA8-9889-5F7DCD44D381}.Debug|Mixed Platforms.ActiveCfg = Debug|x86
		{D720E6D4-37F5-4AA8-9889-5F7DCD44D381}.Debug|Mixed Platforms.Build.0 = Debug|x86
		{D720E6D4-37F5-4AA8-9889-5F7DCD44D381}.Debug|x86.ActiveCfg = Debug|x86
		{D720E6D4-37F5-4AA8-9889-5F7DCD44D381}.Debug|x86.Build.0 = Debug|x86
		{D720E6D4-37F5-4AA8-9889-5F7DCD44D381}.Release|Any CPU.ActiveCfg = Release|x86
		{D720E6D4-37F5-4AA8-9889-5F7DCD44D381}.Release|Mixed Platforms.ActiveCfg = Release|x86
		{D720E6D4-37F5-4AA8-9889-5F7DCD44D381}.Release|Mixed Platforms.Build.0 = Release|x86
		{D720E6D4-37F5-4AA8-9889-5F7DCD44D381}.Release|x86.ActiveCfg = Release|x86
		{D720E6D4-37F5-4AA8-9889-5F7DCD44D381}.Release|x86.Build.0 = Release|x86
		{E65F1EF7-EF28-4762-8685-1E327DC38B8E}.Debug|Any CPU.ActiveCfg = Debug|Any CPU
		{E65F1EF7-EF28-4762-8685-1E327DC38B8E}.Debug|Any CPU.Build.0 = Debug|Any CPU
		{E65F1EF7-EF28-4762-8685-1E327DC38B8E}.Debug|Mixed Platforms.ActiveCfg = Debug|Any CPU
		{E65F1EF7-EF28-4762-8685-1E327DC38B8E}.Debug|Mixed Platforms.Build.0 = Debug|Any CPU
		{E65F1EF7-EF28-4762-8685-1E327DC38B8E}.Debug|x86.ActiveCfg = Debug|Any CPU
		{E65F1EF7-EF28-4762-8685-1E327DC38B8E}.Release|Any CPU.ActiveCfg = Release|Any CPU
		{E65F1EF7-EF28-4762-8685-1E327DC38B8E}.Release|Any CPU.Build.0 = Release|Any CPU
		{E65F1EF7-EF28-4762-8685-1E327DC38B8E}.Release|Mixed Platforms.ActiveCfg = Release|Any CPU
		{E65F1EF7-EF28-4762-8685-1E327DC38B8E}.Release|Mixed Platforms.Build.0 = Release|Any CPU
		{E65F1EF7-EF28-4762-8685-1E327DC38B8E}.Release|x86.ActiveCfg = Release|Any CPU
		{AE483C29-042E-4226-BA52-D247CE7676DA}.Debug|Any CPU.ActiveCfg = Debug|Any CPU
		{AE483C29-042E-4226-BA52-D247CE7676DA}.Debug|Any CPU.Build.0 = Debug|Any CPU
		{AE483C29-042E-4226-BA52-D247CE7676DA}.Debug|Mixed Platforms.ActiveCfg = Debug|Any CPU
		{AE483C29-042E-4226-BA52-D247CE7676DA}.Debug|Mixed Platforms.Build.0 = Debug|Any CPU
		{AE483C29-042E-4226-BA52-D247CE7676DA}.Debug|x86.ActiveCfg = Debug|Any CPU
		{AE483C29-042E-4226-BA52-D247CE7676DA}.Release|Any CPU.ActiveCfg = Release|Any CPU
		{AE483C29-042E-4226-BA52-D247CE7676DA}.Release|Any CPU.Build.0 = Release|Any CPU
		{AE483C29-042E-4226-BA52-D247CE7676DA}.Release|Mixed Platforms.ActiveCfg = Release|Any CPU
		{AE483C29-042E-4226-BA52-D247CE7676DA}.Release|Mixed Platforms.Build.0 = Release|Any CPU
		{AE483C29-042E-4226-BA52-D247CE7676DA}.Release|x86.ActiveCfg = Release|Any CPU
		{2B661ABD-63A8-4916-A94B-034729231271}.Debug|Any CPU.ActiveCfg = Debug|Any CPU
		{2B661ABD-63A8-4916-A94B-034729231271}.Debug|Any CPU.Build.0 = Debug|Any CPU
		{2B661ABD-63A8-4916-A94B-034729231271}.Debug|Mixed Platforms.ActiveCfg = Debug|Any CPU
		{2B661ABD-63A8-4916-A94B-034729231271}.Debug|Mixed Platforms.Build.0 = Debug|Any CPU
		{2B661ABD-63A8-4916-A94B-034729231271}.Debug|x86.ActiveCfg = Debug|Any CPU
		{2B661ABD-63A8-4916-A94B-034729231271}.Release|Any CPU.ActiveCfg = Release|Any CPU
		{2B661ABD-63A8-4916-A94B-034729231271}.Release|Any CPU.Build.0 = Release|Any CPU
		{2B661ABD-63A8-4916-A94B-034729231271}.Release|Mixed Platforms.ActiveCfg = Release|Any CPU
		{2B661ABD-63A8-4916-A94B-034729231271}.Release|Mixed Platforms.Build.0 = Release|Any CPU
		{2B661ABD-63A8-4916-A94B-034729231271}.Release|x86.ActiveCfg = Release|Any CPU
		{44FF09BA-BAA0-4A53-A207-2D3D5317C450}.Debug|Any CPU.ActiveCfg = Debug|x86
		{44FF09BA-BAA0-4A53-A207-2D3D5317C450}.Debug|Mixed Platforms.ActiveCfg = Debug|x86
		{44FF09BA-BAA0-4A53-A207-2D3D5317C450}.Debug|Mixed Platforms.Build.0 = Debug|x86
		{44FF09BA-BAA0-4A53-A207-2D3D5317C450}.Debug|x86.ActiveCfg = Debug|x86
		{44FF09BA-BAA0-4A53-A207-2D3D5317C450}.Debug|x86.Build.0 = Debug|x86
		{44FF09BA-BAA0-4A53-A207-2D3D5317C450}.Release|Any CPU.ActiveCfg = Release|x86
		{44FF09BA-BAA0-4A53-A207-2D3D5317C450}.Release|Mixed Platforms.ActiveCfg = Release|x86
		{44FF09BA-BAA0-4A53-A207-2D3D5317C450}.Release|Mixed Platforms.Build.0 = Release|x86
		{44FF09BA-BAA0-4A53-A207-2D3D5317C450}.Release|x86.ActiveCfg = Release|x86
		{44FF09BA-BAA0-4A53-A207-2D3D5317C450}.Release|x86.Build.0 = Release|x86
		{96267419-4EDA-4AC4-B76C-96EAAC4A0D84}.Debug|Any CPU.ActiveCfg = Debug|x86
		{96267419-4EDA-4AC4-B76C-96EAAC4A0D84}.Debug|Mixed Platforms.ActiveCfg = Debug|x86
		{96267419-4EDA-4AC4-B76C-96EAAC4A0D84}.Debug|x86.ActiveCfg = Debug|x86
		{96267419-4EDA-4AC4-B76C-96EAAC4A0D84}.Release|Any CPU.ActiveCfg = Release|x86
		{96267419-4EDA-4AC4-B76C-96EAAC4A0D84}.Release|Mixed Platforms.ActiveCfg = Release|x86
		{96267419-4EDA-4AC4-B76C-96EAAC4A0D84}.Release|x86.ActiveCfg = Release|x86
		{1614289C-5F21-4934-9143-A47755D7C0A6}.Debug|Any CPU.ActiveCfg = Debug|Any CPU
		{1614289C-5F21-4934-9143-A47755D7C0A6}.Debug|Any CPU.Build.0 = Debug|Any CPU
		{1614289C-5F21-4934-9143-A47755D7C0A6}.Debug|Mixed Platforms.ActiveCfg = Debug|Any CPU
		{1614289C-5F21-4934-9143-A47755D7C0A6}.Debug|Mixed Platforms.Build.0 = Debug|Any CPU
		{1614289C-5F21-4934-9143-A47755D7C0A6}.Debug|x86.ActiveCfg = Debug|Any CPU
		{1614289C-5F21-4934-9143-A47755D7C0A6}.Release|Any CPU.ActiveCfg = Release|Any CPU
		{1614289C-5F21-4934-9143-A47755D7C0A6}.Release|Any CPU.Build.0 = Release|Any CPU
		{1614289C-5F21-4934-9143-A47755D7C0A6}.Release|Mixed Platforms.ActiveCfg = Release|Any CPU
		{1614289C-5F21-4934-9143-A47755D7C0A6}.Release|Mixed Platforms.Build.0 = Release|Any CPU
		{1614289C-5F21-4934-9143-A47755D7C0A6}.Release|x86.ActiveCfg = Release|Any CPU
		{321A57BE-BAA7-46B6-A40D-7DDD83AD638F}.Debug|Any CPU.ActiveCfg = Debug|x86
		{321A57BE-BAA7-46B6-A40D-7DDD83AD638F}.Debug|Mixed Platforms.ActiveCfg = Debug|x86
		{321A57BE-BAA7-46B6-A40D-7DDD83AD638F}.Debug|Mixed Platforms.Build.0 = Debug|x86
		{321A57BE-BAA7-46B6-A40D-7DDD83AD638F}.Debug|x86.ActiveCfg = Debug|x86
		{321A57BE-BAA7-46B6-A40D-7DDD83AD638F}.Debug|x86.Build.0 = Debug|x86
		{321A57BE-BAA7-46B6-A40D-7DDD83AD638F}.Release|Any CPU.ActiveCfg = Release|x86
		{321A57BE-BAA7-46B6-A40D-7DDD83AD638F}.Release|Mixed Platforms.ActiveCfg = Release|x86
		{321A57BE-BAA7-46B6-A40D-7DDD83AD638F}.Release|Mixed Platforms.Build.0 = Release|x86
		{321A57BE-BAA7-46B6-A40D-7DDD83AD638F}.Release|x86.ActiveCfg = Release|x86
		{321A57BE-BAA7-46B6-A40D-7DDD83AD638F}.Release|x86.Build.0 = Release|x86
		{AF987164-0100-4A90-A767-D473F882EA8B}.Debug|Any CPU.ActiveCfg = Debug|Any CPU
		{AF987164-0100-4A90-A767-D473F882EA8B}.Debug|Any CPU.Build.0 = Debug|Any CPU
		{AF987164-0100-4A90-A767-D473F882EA8B}.Debug|Mixed Platforms.ActiveCfg = Debug|Any CPU
		{AF987164-0100-4A90-A767-D473F882EA8B}.Debug|Mixed Platforms.Build.0 = Debug|Any CPU
		{AF987164-0100-4A90-A767-D473F882EA8B}.Debug|x86.ActiveCfg = Debug|Any CPU
		{AF987164-0100-4A90-A767-D473F882EA8B}.Release|Any CPU.ActiveCfg = Release|Any CPU
		{AF987164-0100-4A90-A767-D473F882EA8B}.Release|Any CPU.Build.0 = Release|Any CPU
		{AF987164-0100-4A90-A767-D473F882EA8B}.Release|Mixed Platforms.ActiveCfg = Release|Any CPU
		{AF987164-0100-4A90-A767-D473F882EA8B}.Release|Mixed Platforms.Build.0 = Release|Any CPU
		{AF987164-0100-4A90-A767-D473F882EA8B}.Release|x86.ActiveCfg = Release|Any CPU
		{18833FC5-9145-451D-82D4-41A1886B0BE7}.Debug|Any CPU.ActiveCfg = Debug|Any CPU
		{18833FC5-9145-451D-82D4-41A1886B0BE7}.Debug|Any CPU.Build.0 = Debug|Any CPU
		{18833FC5-9145-451D-82D4-41A1886B0BE7}.Debug|Mixed Platforms.ActiveCfg = Debug|Any CPU
		{18833FC5-9145-451D-82D4-41A1886B0BE7}.Debug|Mixed Platforms.Build.0 = Debug|Any CPU
		{18833FC5-9145-451D-82D4-41A1886B0BE7}.Debug|x86.ActiveCfg = Debug|Any CPU
		{18833FC5-9145-451D-82D4-41A1886B0BE7}.Release|Any CPU.ActiveCfg = Release|Any CPU
		{18833FC5-9145-451D-82D4-41A1886B0BE7}.Release|Any CPU.Build.0 = Release|Any CPU
		{18833FC5-9145-451D-82D4-41A1886B0BE7}.Release|Mixed Platforms.ActiveCfg = Release|Any CPU
		{18833FC5-9145-451D-82D4-41A1886B0BE7}.Release|Mixed Platforms.Build.0 = Release|Any CPU
		{18833FC5-9145-451D-82D4-41A1886B0BE7}.Release|x86.ActiveCfg = Release|Any CPU
	EndGlobalSection
	GlobalSection(SolutionProperties) = preSolution
		HideSolutionNode = FALSE
	EndGlobalSection
EndGlobal
